
Microsoft Visual Studio Solution File, Format Version 12.00
# Visual Studio 15
VisualStudioVersion = 15.0.27004.2005
MinimumVisualStudioVersion = 10.0.40219.1
Project("{FAE04EC0-301F-11D3-BF4B-00C04F79EFBC}") = "PostduifClient", "PostduifClient\PostduifClient.csproj", "{CAA4C6C9-71CE-4569-A1BF-B457EF9AF2B6}"
EndProject
Project("{FAE04EC0-301F-11D3-BF4B-00C04F79EFBC}") = "PostduifContext.DAL", "PostduifContext.DAL\PostduifContext.DAL.csproj", "{2C5C3099-6E57-4D09-95D5-2816E842775B}"
EndProject
Project("{FAE04EC0-301F-11D3-BF4B-00C04F79EFBC}") = "PostduifContext.Logic", "PostduifContext.Logic\PostduifContext.Logic.csproj", "{71D9B60D-9F88-4678-978C-0D8E8C72D520}"
EndProject
Global
	GlobalSection(SolutionConfigurationPlatforms) = preSolution
		Debug|Any CPU = Debug|Any CPU
		Release|Any CPU = Release|Any CPU
	EndGlobalSection
	GlobalSection(ProjectConfigurationPlatforms) = postSolution
		{CAA4C6C9-71CE-4569-A1BF-B457EF9AF2B6}.Debug|Any CPU.ActiveCfg = Debug|Any CPU
		{CAA4C6C9-71CE-4569-A1BF-B457EF9AF2B6}.Debug|Any CPU.Build.0 = Debug|Any CPU
		{CAA4C6C9-71CE-4569-A1BF-B457EF9AF2B6}.Release|Any CPU.ActiveCfg = Release|Any CPU
		{CAA4C6C9-71CE-4569-A1BF-B457EF9AF2B6}.Release|Any CPU.Build.0 = Release|Any CPU
		{2C5C3099-6E57-4D09-95D5-2816E842775B}.Debug|Any CPU.ActiveCfg = Debug|Any CPU
		{2C5C3099-6E57-4D09-95D5-2816E842775B}.Debug|Any CPU.Build.0 = Debug|Any CPU
		{2C5C3099-6E57-4D09-95D5-2816E842775B}.Release|Any CPU.ActiveCfg = Release|Any CPU
		{2C5C3099-6E57-4D09-95D5-2816E842775B}.Release|Any CPU.Build.0 = Release|Any CPU
		{71D9B60D-9F88-4678-978C-0D8E8C72D520}.Debug|Any CPU.ActiveCfg = Debug|Any CPU
		{71D9B60D-9F88-4678-978C-0D8E8C72D520}.Debug|Any CPU.Build.0 = Debug|Any CPU
		{71D9B60D-9F88-4678-978C-0D8E8C72D520}.Release|Any CPU.ActiveCfg = Release|Any CPU
		{71D9B60D-9F88-4678-978C-0D8E8C72D520}.Release|Any CPU.Build.0 = Release|Any CPU
	EndGlobalSection
	GlobalSection(SolutionProperties) = preSolution
		HideSolutionNode = FALSE
	EndGlobalSection
	GlobalSection(ExtensibilityGlobals) = postSolution
		SolutionGuid = {ACDFA782-B44F-474F-BD07-B0BDFF581E37}
	EndGlobalSection
EndGlobal
